{
  "requires": true,
  "lockfileVersion": 1,
  "dependencies": {
    "country-state-city": {
      "version": "1.0.0",
      "resolved": "https://registry.npmjs.org/country-state-city/-/country-state-city-1.0.0.tgz",
      "integrity": "sha512-QWwg8ksVetl16+Tj7d0mdfgJlgUl4iDbQQeHDJ2I4vi8Pv3giy/QEp/vaVnRaZZ+LkIp5HKiQBO/uX1oZ7Ovrg=="
    }
  }
}
